<Solution>
  <Project Path="OkfParsingLibrary.Tests/OkfParsingLibrary.Tests.csproj" />
  <Project Path="OkfParsingLibrary/OkfParsingLibrary.csproj" />
  <Project Path="OkfParsingLibrary.OdcExternalLogic/OkfParsingLibrary.OdcExternalLogic.csproj" />
  <Project Path="OdcReferenceLogicTests/OdcReferenceLogicTests.csproj" />
</Solution>
